
Microsoft Visual Studio Solution File, Format Version 12.00
# Visual Studio Version 17
VisualStudioVersion = 17.5.33530.505
MinimumVisualStudioVersion = 10.0.40219.1
Project("{9A19103F-16F7-4668-BE54-9A1E7A4F7556}") = "CyprusAirportTransfer.API", "CyprusAirportTransfer.Web\CyprusAirportTransfer.API.csproj", "{1B408159-9026-48F9-B58E-ED7E570171A5}"
	ProjectSection(ProjectDependencies) = postProject
		{4F49C9FD-B917-440D-9CBA-6E0DBEE4BEF8} = {4F49C9FD-B917-440D-9CBA-6E0DBEE4BEF8}
	EndProjectSection
EndProject
Project("{9A19103F-16F7-4668-BE54-9A1E7A4F7556}") = "CyprusAirportTransfer.App", "CyprusAirportTransfer.App\CyprusAirportTransfer.App.csproj", "{C4F27965-B2F9-4275-A285-9C0ABD294E98}"
EndProject
Project("{9A19103F-16F7-4668-BE54-9A1E7A4F7556}") = "CyprusAirportTransfer.Domain", "CyprusAirportTransfer.Core\CyprusAirportTransfer.Domain.csproj", "{694A0510-E949-4068-9BAA-CEA53F8A14A1}"
EndProject
Project("{9A19103F-16F7-4668-BE54-9A1E7A4F7556}") = "CyprusAirportTransfer.Shared", "CyprusAirportTransfer.Shared\CyprusAirportTransfer.Shared.csproj", "{AD8AB307-C583-4FFA-BFE4-FEA5BB8EEF7F}"
EndProject
Project("{9A19103F-16F7-4668-BE54-9A1E7A4F7556}") = "CyprusAirportTransfer.Persistence", "CyprusAirportTransfer.Persistence\CyprusAirportTransfer.Persistence.csproj", "{4E695750-9BBE-4056-8360-5DE3B6BBA47E}"
EndProject
Project("{9A19103F-16F7-4668-BE54-9A1E7A4F7556}") = "CyprusAirportTransfer.Infrastructure", "CyprusAirportTransfer.Infrastructure\CyprusAirportTransfer.Infrastructure.csproj", "{4F49C9FD-B917-440D-9CBA-6E0DBEE4BEF8}"
EndProject
Global
	GlobalSection(SolutionConfigurationPlatforms) = preSolution
		Debug|Any CPU = Debug|Any CPU
		Release|Any CPU = Release|Any CPU
	EndGlobalSection
	GlobalSection(ProjectConfigurationPlatforms) = postSolution
		{1B408159-9026-48F9-B58E-ED7E570171A5}.Debug|Any CPU.ActiveCfg = Debug|Any CPU
		{1B408159-9026-48F9-B58E-ED7E570171A5}.Debug|Any CPU.Build.0 = Debug|Any CPU
		{1B408159-9026-48F9-B58E-ED7E570171A5}.Release|Any CPU.ActiveCfg = Release|Any CPU
		{1B408159-9026-48F9-B58E-ED7E570171A5}.Release|Any CPU.Build.0 = Release|Any CPU
		{C4F27965-B2F9-4275-A285-9C0ABD294E98}.Debug|Any CPU.ActiveCfg = Debug|Any CPU
		{C4F27965-B2F9-4275-A285-9C0ABD294E98}.Debug|Any CPU.Build.0 = Debug|Any CPU
		{C4F27965-B2F9-4275-A285-9C0ABD294E98}.Release|Any CPU.ActiveCfg = Release|Any CPU
		{C4F27965-B2F9-4275-A285-9C0ABD294E98}.Release|Any CPU.Build.0 = Release|Any CPU
		{694A0510-E949-4068-9BAA-CEA53F8A14A1}.Debug|Any CPU.ActiveCfg = Debug|Any CPU
		{694A0510-E949-4068-9BAA-CEA53F8A14A1}.Debug|Any CPU.Build.0 = Debug|Any CPU
		{694A0510-E949-4068-9BAA-CEA53F8A14A1}.Release|Any CPU.ActiveCfg = Release|Any CPU
		{694A0510-E949-4068-9BAA-CEA53F8A14A1}.Release|Any CPU.Build.0 = Release|Any CPU
		{AD8AB307-C583-4FFA-BFE4-FEA5BB8EEF7F}.Debug|Any CPU.ActiveCfg = Debug|Any CPU
		{AD8AB307-C583-4FFA-BFE4-FEA5BB8EEF7F}.Debug|Any CPU.Build.0 = Debug|Any CPU
		{AD8AB307-C583-4FFA-BFE4-FEA5BB8EEF7F}.Release|Any CPU.ActiveCfg = Release|Any CPU
		{AD8AB307-C583-4FFA-BFE4-FEA5BB8EEF7F}.Release|Any CPU.Build.0 = Release|Any CPU
		{4E695750-9BBE-4056-8360-5DE3B6BBA47E}.Debug|Any CPU.ActiveCfg = Debug|Any CPU
		{4E695750-9BBE-4056-8360-5DE3B6BBA47E}.Debug|Any CPU.Build.0 = Debug|Any CPU
		{4E695750-9BBE-4056-8360-5DE3B6BBA47E}.Release|Any CPU.ActiveCfg = Release|Any CPU
		{4E695750-9BBE-4056-8360-5DE3B6BBA47E}.Release|Any CPU.Build.0 = Release|Any CPU
		{4F49C9FD-B917-440D-9CBA-6E0DBEE4BEF8}.Debug|Any CPU.ActiveCfg = Debug|Any CPU
		{4F49C9FD-B917-440D-9CBA-6E0DBEE4BEF8}.Debug|Any CPU.Build.0 = Debug|Any CPU
		{4F49C9FD-B917-440D-9CBA-6E0DBEE4BEF8}.Release|Any CPU.ActiveCfg = Release|Any CPU
		{4F49C9FD-B917-440D-9CBA-6E0DBEE4BEF8}.Release|Any CPU.Build.0 = Release|Any CPU
	EndGlobalSection
	GlobalSection(SolutionProperties) = preSolution
		HideSolutionNode = FALSE
	EndGlobalSection
	GlobalSection(ExtensibilityGlobals) = postSolution
		SolutionGuid = {D06FA90F-8306-478F-AA85-40E18CB08289}
	EndGlobalSection
EndGlobal
